
Microsoft Visual Studio Solution File, Format Version 12.00
# Visual Studio Version 17
VisualStudioVersion = 17.14.36301.6
MinimumVisualStudioVersion = 10.0.40219.1
Project("{FAE04EC0-301F-11D3-BF4B-00C04F79EFBC}") = "WebApp_UnderTheHood", "WebApp_UnderTheHood\WebApp_UnderTheHood.csproj", "{49AD5831-71E0-4857-9753-4E92932CCE11}"
EndProject
Project("{FAE04EC0-301F-11D3-BF4B-00C04F79EFBC}") = "Web API", "Web API\Web API.csproj", "{90D8364A-82AF-4487-98D1-774586D9EEB9}"
EndProject
Project("{FAE04EC0-301F-11D3-BF4B-00C04F79EFBC}") = "WebApp", "WebApp\WebApp.csproj", "{DE450944-6BC9-4D4F-8AFB-F8E366D98589}"
EndProject
Global
	GlobalSection(SolutionConfigurationPlatforms) = preSolution
		Debug|Any CPU = Debug|Any CPU
		Release|Any CPU = Release|Any CPU
	EndGlobalSection
	GlobalSection(ProjectConfigurationPlatforms) = postSolution
		{49AD5831-71E0-4857-9753-4E92932CCE11}.Debug|Any CPU.ActiveCfg = Debug|Any CPU
		{49AD5831-71E0-4857-9753-4E92932CCE11}.Debug|Any CPU.Build.0 = Debug|Any CPU
		{49AD5831-71E0-4857-9753-4E92932CCE11}.Release|Any CPU.ActiveCfg = Release|Any CPU
		{49AD5831-71E0-4857-9753-4E92932CCE11}.Release|Any CPU.Build.0 = Release|Any CPU
		{90D8364A-82AF-4487-98D1-774586D9EEB9}.Debug|Any CPU.ActiveCfg = Debug|Any CPU
		{90D8364A-82AF-4487-98D1-774586D9EEB9}.Debug|Any CPU.Build.0 = Debug|Any CPU
		{90D8364A-82AF-4487-98D1-774586D9EEB9}.Release|Any CPU.ActiveCfg = Release|Any CPU
		{90D8364A-82AF-4487-98D1-774586D9EEB9}.Release|Any CPU.Build.0 = Release|Any CPU
		{DE450944-6BC9-4D4F-8AFB-F8E366D98589}.Debug|Any CPU.ActiveCfg = Debug|Any CPU
		{DE450944-6BC9-4D4F-8AFB-F8E366D98589}.Debug|Any CPU.Build.0 = Debug|Any CPU
		{DE450944-6BC9-4D4F-8AFB-F8E366D98589}.Release|Any CPU.ActiveCfg = Release|Any CPU
		{DE450944-6BC9-4D4F-8AFB-F8E366D98589}.Release|Any CPU.Build.0 = Release|Any CPU
	EndGlobalSection
	GlobalSection(SolutionProperties) = preSolution
		HideSolutionNode = FALSE
	EndGlobalSection
	GlobalSection(ExtensibilityGlobals) = postSolution
		SolutionGuid = {37723AB2-30CA-4E8D-99E6-E423EB41A437}
	EndGlobalSection
EndGlobal
